
Microsoft Visual Studio Solution File, Format Version 12.00
# Visual Studio 2013
VisualStudioVersion = 12.0.21005.1
MinimumVisualStudioVersion = 10.0.40219.1
Project("{F2A71F9B-5D33-465A-A702-920D77279786}") = "Ocean", "Ocean\Ocean.fsproj", "{A97966BA-95E8-4D93-AE07-D634F6B549B9}"
EndProject
Project("{F2A71F9B-5D33-465A-A702-920D77279786}") = "OceanWebSite", "OceanWebSite\OceanWebSite.fsproj", "{C439B030-23B5-4A2F-9CBD-D39B0C50AD47}"
EndProject
Global
	GlobalSection(SolutionConfigurationPlatforms) = preSolution
		Debug|Any CPU = Debug|Any CPU
		Release|Any CPU = Release|Any CPU
	EndGlobalSection
	GlobalSection(ProjectConfigurationPlatforms) = postSolution
		{A97966BA-95E8-4D93-AE07-D634F6B549B9}.Debug|Any CPU.ActiveCfg = Debug|Any CPU
		{A97966BA-95E8-4D93-AE07-D634F6B549B9}.Debug|Any CPU.Build.0 = Debug|Any CPU
		{A97966BA-95E8-4D93-AE07-D634F6B549B9}.Release|Any CPU.ActiveCfg = Release|Any CPU
		{A97966BA-95E8-4D93-AE07-D634F6B549B9}.Release|Any CPU.Build.0 = Release|Any CPU
		{C439B030-23B5-4A2F-9CBD-D39B0C50AD47}.Debug|Any CPU.ActiveCfg = Debug|Any CPU
		{C439B030-23B5-4A2F-9CBD-D39B0C50AD47}.Debug|Any CPU.Build.0 = Debug|Any CPU
		{C439B030-23B5-4A2F-9CBD-D39B0C50AD47}.Release|Any CPU.ActiveCfg = Release|Any CPU
		{C439B030-23B5-4A2F-9CBD-D39B0C50AD47}.Release|Any CPU.Build.0 = Release|Any CPU
	EndGlobalSection
	GlobalSection(SolutionProperties) = preSolution
		HideSolutionNode = FALSE
	EndGlobalSection
EndGlobal
