
Microsoft Visual Studio Solution File, Format Version 12.00
# Visual Studio 2013
VisualStudioVersion = 12.0.30501.0
MinimumVisualStudioVersion = 10.0.40219.1
Project("{F2A71F9B-5D33-465A-A702-920D77279786}") = "Ocean", "Ocean\Ocean.fsproj", "{A97966BA-95E8-4D93-AE07-D634F6B549B9}"
EndProject
Project("{F2A71F9B-5D33-465A-A702-920D77279786}") = "Ocean.Tests", "Ocean.Tests\Ocean.Tests.fsproj", "{C96F1BF1-D304-45EA-B034-75CDBB8C8B00}"
EndProject
Project("{F2A71F9B-5D33-465A-A702-920D77279786}") = "Ocean.Showcase", "Ocean.Showcase\Ocean.Showcase.fsproj", "{ADD6A5A5-73D9-4B5B-AB34-891B3A7D6532}"
EndProject
Project("{2150E333-8FDC-42A3-9474-1A3956D46DE8}") = "Framework", "Framework", "{AF909182-0FCA-4EB3-8F36-B01C7CBD4339}"
EndProject
Project("{2150E333-8FDC-42A3-9474-1A3956D46DE8}") = "Tests", "Tests", "{C44BC9CC-8EED-414A-ABD1-8B585B3895B1}"
EndProject
Project("{2150E333-8FDC-42A3-9474-1A3956D46DE8}") = "Showcase", "Showcase", "{3FF41EB0-C0B2-4D7C-9D70-83C2F3B36D53}"
EndProject
Global
	GlobalSection(SolutionConfigurationPlatforms) = preSolution
		Debug|Any CPU = Debug|Any CPU
		Release|Any CPU = Release|Any CPU
	EndGlobalSection
	GlobalSection(ProjectConfigurationPlatforms) = postSolution
		{A97966BA-95E8-4D93-AE07-D634F6B549B9}.Debug|Any CPU.ActiveCfg = Debug|Any CPU
		{A97966BA-95E8-4D93-AE07-D634F6B549B9}.Debug|Any CPU.Build.0 = Debug|Any CPU
		{A97966BA-95E8-4D93-AE07-D634F6B549B9}.Release|Any CPU.ActiveCfg = Release|Any CPU
		{A97966BA-95E8-4D93-AE07-D634F6B549B9}.Release|Any CPU.Build.0 = Release|Any CPU
		{C96F1BF1-D304-45EA-B034-75CDBB8C8B00}.Debug|Any CPU.ActiveCfg = Debug|Any CPU
		{C96F1BF1-D304-45EA-B034-75CDBB8C8B00}.Debug|Any CPU.Build.0 = Debug|Any CPU
		{C96F1BF1-D304-45EA-B034-75CDBB8C8B00}.Release|Any CPU.ActiveCfg = Release|Any CPU
		{C96F1BF1-D304-45EA-B034-75CDBB8C8B00}.Release|Any CPU.Build.0 = Release|Any CPU
		{ADD6A5A5-73D9-4B5B-AB34-891B3A7D6532}.Debug|Any CPU.ActiveCfg = Debug|Any CPU
		{ADD6A5A5-73D9-4B5B-AB34-891B3A7D6532}.Debug|Any CPU.Build.0 = Debug|Any CPU
		{ADD6A5A5-73D9-4B5B-AB34-891B3A7D6532}.Release|Any CPU.ActiveCfg = Release|Any CPU
		{ADD6A5A5-73D9-4B5B-AB34-891B3A7D6532}.Release|Any CPU.Build.0 = Release|Any CPU
	EndGlobalSection
	GlobalSection(SolutionProperties) = preSolution
		HideSolutionNode = FALSE
	EndGlobalSection
	GlobalSection(NestedProjects) = preSolution
		{A97966BA-95E8-4D93-AE07-D634F6B549B9} = {AF909182-0FCA-4EB3-8F36-B01C7CBD4339}
		{C96F1BF1-D304-45EA-B034-75CDBB8C8B00} = {C44BC9CC-8EED-414A-ABD1-8B585B3895B1}
		{ADD6A5A5-73D9-4B5B-AB34-891B3A7D6532} = {3FF41EB0-C0B2-4D7C-9D70-83C2F3B36D53}
	EndGlobalSection
EndGlobal
